
Microsoft Visual Studio Solution File, Format Version 12.00
# Visual Studio 2012
Project("{FAE04EC0-301F-11D3-BF4B-00C04F79EFBC}") = "Test-MVC-Net", "Test-MVC-Net\Test-MVC-Net.csproj", "{5E614E8D-22EE-4346-ABFA-D51831C68E68}"
EndProject
Project("{FAE04EC0-301F-11D3-BF4B-00C04F79EFBC}") = "Test-MVC-Net.Tests", "Test-MVC-Net.Tests\Test-MVC-Net.Tests.csproj", "{EA7D649A-03DB-46BA-8FA9-FBCD849ED0D0}"
EndProject
Global
	GlobalSection(SolutionConfigurationPlatforms) = preSolution
		Debug|Any CPU = Debug|Any CPU
		Release|Any CPU = Release|Any CPU
	EndGlobalSection
	GlobalSection(ProjectConfigurationPlatforms) = postSolution
		{5E614E8D-22EE-4346-ABFA-D51831C68E68}.Debug|Any CPU.ActiveCfg = Debug|Any CPU
		{5E614E8D-22EE-4346-ABFA-D51831C68E68}.Debug|Any CPU.Build.0 = Debug|Any CPU
		{5E614E8D-22EE-4346-ABFA-D51831C68E68}.Release|Any CPU.ActiveCfg = Release|Any CPU
		{5E614E8D-22EE-4346-ABFA-D51831C68E68}.Release|Any CPU.Build.0 = Release|Any CPU
		{EA7D649A-03DB-46BA-8FA9-FBCD849ED0D0}.Debug|Any CPU.ActiveCfg = Debug|Any CPU
		{EA7D649A-03DB-46BA-8FA9-FBCD849ED0D0}.Debug|Any CPU.Build.0 = Debug|Any CPU
		{EA7D649A-03DB-46BA-8FA9-FBCD849ED0D0}.Release|Any CPU.ActiveCfg = Release|Any CPU
		{EA7D649A-03DB-46BA-8FA9-FBCD849ED0D0}.Release|Any CPU.Build.0 = Release|Any CPU
	EndGlobalSection
EndGlobal
